
Microsoft Visual Studio Solution File, Format Version 12.00
# Visual Studio Version 17
VisualStudioVersion = 17.10.35013.160
MinimumVisualStudioVersion = 10.0.40219.1
Project("{9A19103F-16F7-4668-BE54-9A1E7A4F7556}") = "Repository", "Repository.csproj", "{0DA60F4D-F5C8-443D-BA66-551E18BB904A}"
EndProject
Project("{9A19103F-16F7-4668-BE54-9A1E7A4F7556}") = "Service", "..\Service\Service.csproj", "{C6A5574D-E060-4F60-9906-748CB8FE16A2}"
EndProject
Project("{FAE04EC0-301F-11D3-BF4B-00C04F79EFBC}") = "WebApi", "..\WebApi\WebApi.csproj", "{6E44F532-F0F2-4F4B-B2AF-068037EE3BDC}"
EndProject
Global
	GlobalSection(SolutionConfigurationPlatforms) = preSolution
		Debug|Any CPU = Debug|Any CPU
		Release|Any CPU = Release|Any CPU
	EndGlobalSection
	GlobalSection(ProjectConfigurationPlatforms) = postSolution
		{0DA60F4D-F5C8-443D-BA66-551E18BB904A}.Debug|Any CPU.ActiveCfg = Debug|Any CPU
		{0DA60F4D-F5C8-443D-BA66-551E18BB904A}.Debug|Any CPU.Build.0 = Debug|Any CPU
		{0DA60F4D-F5C8-443D-BA66-551E18BB904A}.Release|Any CPU.ActiveCfg = Release|Any CPU
		{0DA60F4D-F5C8-443D-BA66-551E18BB904A}.Release|Any CPU.Build.0 = Release|Any CPU
		{C6A5574D-E060-4F60-9906-748CB8FE16A2}.Debug|Any CPU.ActiveCfg = Debug|Any CPU
		{C6A5574D-E060-4F60-9906-748CB8FE16A2}.Debug|Any CPU.Build.0 = Debug|Any CPU
		{C6A5574D-E060-4F60-9906-748CB8FE16A2}.Release|Any CPU.ActiveCfg = Release|Any CPU
		{C6A5574D-E060-4F60-9906-748CB8FE16A2}.Release|Any CPU.Build.0 = Release|Any CPU
		{6E44F532-F0F2-4F4B-B2AF-068037EE3BDC}.Debug|Any CPU.ActiveCfg = Debug|Any CPU
		{6E44F532-F0F2-4F4B-B2AF-068037EE3BDC}.Debug|Any CPU.Build.0 = Debug|Any CPU
		{6E44F532-F0F2-4F4B-B2AF-068037EE3BDC}.Release|Any CPU.ActiveCfg = Release|Any CPU
		{6E44F532-F0F2-4F4B-B2AF-068037EE3BDC}.Release|Any CPU.Build.0 = Release|Any CPU
	EndGlobalSection
	GlobalSection(SolutionProperties) = preSolution
		HideSolutionNode = FALSE
	EndGlobalSection
	GlobalSection(ExtensibilityGlobals) = postSolution
		SolutionGuid = {2AA828E4-640E-413D-9FE7-0D2E41D710C5}
	EndGlobalSection
EndGlobal
